// !$*UTF8*$!
{
	archiveVersion = 1;
	classes = {
	};
	objectVersion = 46;
	objects = {

/* Begin PBXBuildFile section */
		21302C951D21F2440030F119 /* AppDelegate.swift in Sources */ = {isa = PBXBuildFile; fileRef = 21302C941D21F2440030F119 /* AppDelegate.swift */; };
		21302C971D21F2440030F119 /* ViewController.swift in Sources */ = {isa = PBXBuildFile; fileRef = 21302C961D21F2440030F119 /* ViewController.swift */; };
		21302C9A1D21F2440030F119 /* Main.storyboard in Resources */ = {isa = PBXBuildFile; fileRef = 21302C981D21F2440030F119 /* Main.storyboard */; };
		21302C9C1D21F2440030F119 /* Assets.xcassets in Resources */ = {isa = PBXBuildFile; fileRef = 21302C9B1D21F2440030F119 /* Assets.xcassets */; };
		21302C9F1D21F2440030F119 /* LaunchScreen.storyboard in Resources */ = {isa = PBXBuildFile; fileRef = 21302C9D1D21F2440030F119 /* LaunchScreen.storyboard */; };
		21302CAA1D21F2440030F119 /* tapperTests.swift in Sources */ = {isa = PBXBuildFile; fileRef = 21302CA91D21F2440030F119 /* tapperTests.swift */; };
		21302CB51D21F2440030F119 /* tapperUITests.swift in Sources */ = {isa = PBXBuildFile; fileRef = 21302CB41D21F2440030F119 /* tapperUITests.swift */; };
/* End PBXBuildFile section */

/* Begin PBXContainerItemProxy section */
		21302CA61D21F2440030F119 /* PBXContainerItemProxy */ = {
			isa = PBXContainerItemProxy;
			containerPortal = 21302C891D21F2430030F119 /* Project object */;
			proxyType = 1;
			remoteGlobalIDString = 21302C901D21F2430030F119;
			remoteInfo = tapper;
		};
		21302CB11D21F2440030F119 /* PBXContainerItemProxy */ = {
			isa = PBXContainerItemProxy;
			containerPortal = 21302C891D21F2430030F119 /* Project object */;
			proxyType = 1;
			remoteGlobalIDString = 21302C901D21F2430030F119;
			remoteInfo = tapper;
		};
/* End PBXContainerItemProxy section */

/* Begin PBXFileReference section */
		21302C911D21F2430030F119 /* tapper.app */ = {isa = PBXFileReference; explicitFileType = wrapper.application; includeInIndex = 0; path = tapper.app; sourceTree = BUILT_PRODUCTS_DIR; };
		21302C941D21F2440030F119 /* AppDelegate.swift */ = {isa = PBXFileReference; lastKnownFileType = sourcecode.swift; path = AppDelegate.swift; sourceTree = "<group>"; };
		21302C961D21F2440030F119 /* ViewController.swift */ = {isa = PBXFileReference; lastKnownFileType = sourcecode.swift; path = ViewController.swift; sourceTree = "<group>"; };
		21302C991D21F2440030F119 /* Base */ = {isa = PBXFileReference; lastKnownFileType = file.storyboard; name = Base; path = Base.lproj/Main.storyboard; sourceTree = "<group>"; };
		21302C9B1D21F2440030F119 /* Assets.xcassets */ = {isa = PBXFileReference; lastKnownFileType = folder.assetcatalog; path = Assets.xcassets; sourceTree = "<group>"; };
		21302C9E1D21F2440030F119 /* Base */ = {isa = PBXFileReference; lastKnownFileType = file.storyboard; name = Base; path = Base.lproj/LaunchScreen.storyboard; sourceTree = "<group>"; };
		21302CA01D21F2440030F119 /* Info.plist */ = {isa = PBXFileReference; lastKnownFileType = text.plist.xml; path = Info.plist; sourceTree = "<group>"; };
		21302CA51D21F2440030F119 /* tapperTests.xctest */ = {isa = PBXFileReference; explicitFileType = wrapper.cfbundle; includeInIndex = 0; path = tapperTests.xctest; sourceTree = BUILT_PRODUCTS_DIR; };
		21302CA91D21F2440030F119 /* tapperTests.swift */ = {isa = PBXFileReference; lastKnownFileType = sourcecode.swift; path = tapperTests.swift; sourceTree = "<group>"; };
		21302CAB1D21F2440030F119 /* Info.plist */ = {isa = PBXFileReference; lastKnownFileType = text.plist.xml; path = Info.plist; sourceTree = "<group>"; };
		21302CB01D21F2440030F119 /* tapperUITests.xctest */ = {isa = PBXFileReference; explicitFileType = wrapper.cfbundle; includeInIndex = 0; path = tapperUITests.xctest; sourceTree = BUILT_PRODUCTS_DIR; };
		21302CB41D21F2440030F119 /* tapperUITests.swift */ = {isa = PBXFileReference; lastKnownFileType = sourcecode.swift; path = tapperUITests.swift; sourceTree = "<group>"; };
		21302CB61D21F2440030F119 /* Info.plist */ = {isa = PBXFileReference; lastKnownFileType = text.plist.xml; path = Info.plist; sourceTree = "<group>"; };
/* End PBXFileReference section */

/* Begin PBXFrameworksBuildPhase section */
		21302C8E1D21F2430030F119 /* Frameworks */ = {
			isa = PBXFrameworksBuildPhase;
			buildActionMask = 2147483647;
			files = (
			);
			runOnlyForDeploymentPostprocessing = 0;
		};
		21302CA21D21F2440030F119 /* Frameworks */ = {
			isa = PBXFrameworksBuildPhase;
			buildActionMask = 2147483647;
			files = (
			);
			runOnlyForDeploymentPostprocessing = 0;
		};
		21302CAD1D21F2440030F119 /* Frameworks */ = {
			isa = PBXFrameworksBuildPhase;
			buildActionMask = 2147483647;
			files = (
			);
			runOnlyForDeploymentPostprocessing = 0;
		};
/* End PBXFrameworksBuildPhase section */

/* Begin PBXGroup section */
		21302C881D21F2430030F119 = {
			isa = PBXGroup;
			children = (
				21302C931D21F2430030F119 /* tapper */,
				21302CA81D21F2440030F119 /* tapperTests */,
				21302CB31D21F2440030F119 /* tapperUITests */,
				21302C921D21F2430030F119 /* Products */,
			);
			sourceTree = "<group>";
		};
		21302C921D21F2430030F119 /* Products */ = {
			isa = PBXGroup;
			children = (
				21302C911D21F2430030F119 /* tapper.app */,
				21302CA51D21F2440030F119 /* tapperTests.xctest */,
				21302CB01D21F2440030F119 /* tapperUITests.xctest */,
			);
			name = Products;
			sourceTree = "<group>";
		};
		21302C931D21F2430030F119 /* tapper */ = {
			isa = PBXGroup;
			children = (
				21302C941D21F2440030F119 /* AppDelegate.swift */,
				21302C961D21F2440030F119 /* ViewController.swift */,
				21302C981D21F2440030F119 /* Main.storyboard */,
				21302C9B1D21F2440030F119 /* Assets.xcassets */,
				21302C9D1D21F2440030F119 /* LaunchScreen.storyboard */,
				21302CA01D21F2440030F119 /* Info.plist */,
			);
			path = tapper;
			sourceTree = "<group>";
		};
		21302CA81D21F2440030F119 /* tapperTests */ = {
			isa = PBXGroup;
			children = (
				21302CA91D21F2440030F119 /* tapperTests.swift */,
				21302CAB1D21F2440030F119 /* Info.plist */,
			);
			path = tapperTests;
			sourceTree = "<group>";
		};
		21302CB31D21F2440030F119 /* tapperUITests */ = {
			isa = PBXGroup;
			children = (
				21302CB41D21F2440030F119 /* tapperUITests.swift */,
				21302CB61D21F2440030F119 /* Info.plist */,
			);
			path = tapperUITests;
			sourceTree = "<group>";
		};
/* End PBXGroup section */

/* Begin PBXNativeTarget section */
		21302C901D21F2430030F119 /* tapper */ = {
			isa = PBXNativeTarget;
			buildConfigurationList = 21302CB91D21F2440030F119 /* Build configuration list for PBXNativeTarget "tapper" */;
			buildPhases = (
				21302C8D1D21F2430030F119 /* Sources */,
				21302C8E1D21F2430030F119 /* Frameworks */,
				21302C8F1D21F2430030F119 /* Resources */,
			);
			buildRules = (
			);
			dependencies = (
			);
			name = tapper;
			productName = tapper;
			productReference = 21302C911D21F2430030F119 /* tapper.app */;
			productType = "com.apple.product-type.application";
		};
		21302CA41D21F2440030F119 /* tapperTests */ = {
			isa = PBXNativeTarget;
			buildConfigurationList = 21302CBC1D21F2440030F119 /* Build configuration list for PBXNativeTarget "tapperTests" */;
			buildPhases = (
				21302CA11D21F2440030F119 /* Sources */,
				21302CA21D21F2440030F119 /* Frameworks */,
				21302CA31D21F2440030F119 /* Resources */,
			);
			buildRules = (
			);
			dependencies = (
				21302CA71D21F2440030F119 /* PBXTargetDependency */,
			);
			name = tapperTests;
			productName = tapperTests;
			productReference = 21302CA51D21F2440030F119 /* tapperTests.xctest */;
			productType = "com.apple.product-type.bundle.unit-test";
		};
		21302CAF1D21F2440030F119 /* tapperUITests */ = {
			isa = PBXNativeTarget;
			buildConfigurationList = 21302CBF1D21F2440030F119 /* Build configuration list for PBXNativeTarget "tapperUITests" */;
			buildPhases = (
				21302CAC1D21F2440030F119 /* Sources */,
				21302CAD1D21F2440030F119 /* Frameworks */,
				21302CAE1D21F2440030F119 /* Resources */,
			);
			buildRules = (
			);
			dependencies = (
				21302CB21D21F2440030F119 /* PBXTargetDependency */,
			);
			name = tapperUITests;
			productName = tapperUITests;
			productReference = 21302CB01D21F2440030F119 /* tapperUITests.xctest */;
			productType = "com.apple.product-type.bundle.ui-testing";
		};
/* End PBXNativeTarget section */

/* Begin PBXProject section */
		21302C891D21F2430030F119 /* Project object */ = {
			isa = PBXProject;
			attributes = {
				LastSwiftUpdateCheck = 0730;
				LastUpgradeCheck = 0730;
				ORGANIZATIONNAME = "Renee Huang";
				TargetAttributes = {
					21302C901D21F2430030F119 = {
						CreatedOnToolsVersion = 7.3.1;
					};
					21302CA41D21F2440030F119 = {
						CreatedOnToolsVersion = 7.3.1;
						TestTargetID = 21302C901D21F2430030F119;
					};
					21302CAF1D21F2440030F119 = {
						CreatedOnToolsVersion = 7.3.1;
						TestTargetID = 21302C901D21F2430030F119;
					};
				};
			};
			buildConfigurationList = 21302C8C1D21F2430030F119 /* Build configuration list for PBXProject "tapper" */;
			compatibilityVersion = "Xcode 3.2";
			developmentRegion = English;
			hasScannedForEncodings = 0;
			knownRegions = (
				en,
				Base,
			);
			mainGroup = 21302C881D21F2430030F119;
			productRefGroup = 21302C921D21F2430030F119 /* Products */;
			projectDirPath = "";
			projectRoot = "";
			targets = (
				21302C901D21F2430030F119 /* tapper */,
				21302CA41D21F2440030F119 /* tapperTests */,
				21302CAF1D21F2440030F119 /* tapperUITests */,
			);
		};
/* End PBXProject section */

/* Begin PBXResourcesBuildPhase section */
		21302C8F1D21F2430030F119 /* Resources */ = {
			isa = PBXResourcesBuildPhase;
			buildActionMask = 2147483647;
			files = (
				21302C9F1D21F2440030F119 /* LaunchScreen.storyboard in Resources */,
				21302C9C1D21F2440030F119 /* Assets.xcassets in Resources */,
				21302C9A1D21F2440030F119 /* Main.storyboard in Resources */,
			);
			runOnlyForDeploymentPostprocessing = 0;
		};
		21302CA31D21F2440030F119 /* Resources */ = {
			isa = PBXResourcesBuildPhase;
			buildActionMask = 2147483647;
			files = (
			);
			runOnlyForDeploymentPostprocessing = 0;
		};
		21302CAE1D21F2440030F119 /* Resources */ = {
			isa = PBXResourcesBuildPhase;
			buildActionMask = 2147483647;
			files = (
			);
			runOnlyForDeploymentPostprocessing = 0;
		};
/* End PBXResourcesBuildPhase section */

/* Begin PBXSourcesBuildPhase section */
		21302C8D1D21F2430030F119 /* Sources */ = {
			isa = PBXSourcesBuildPhase;
			buildActionMask = 2147483647;
			files = (
				21302C971D21F2440030F119 /* ViewController.swift in Sources */,
				21302C951D21F2440030F119 /* AppDelegate.swift in Sources */,
			);
			runOnlyForDeploymentPostprocessing = 0;
		};
		21302CA11D21F2440030F119 /* Sources */ = {
			isa = PBXSourcesBuildPhase;
			buildActionMask = 2147483647;
			files = (
				21302CAA1D21F2440030F119 /* tapperTests.swift in Sources */,
			);
			runOnlyForDeploymentPostprocessing = 0;
		};
		21302CAC1D21F2440030F119 /* Sources */ = {
			isa = PBXSourcesBuildPhase;
			buildActionMask = 2147483647;
			files = (
				21302CB51D21F2440030F119 /* tapperUITests.swift in Sources */,
			);
			runOnlyForDeploymentPostprocessing = 0;
		};
/* End PBXSourcesBuildPhase section */

/* Begin PBXTargetDependency section */
		21302CA71D21F2440030F119 /* PBXTargetDependency */ = {
			isa = PBXTargetDependency;
			target = 21302C901D21F2430030F119 /* tapper */;
			targetProxy = 21302CA61D21F2440030F119 /* PBXContainerItemProxy */;
		};
		21302CB21D21F2440030F119 /* PBXTargetDependency */ = {
			isa = PBXTargetDependency;
			target = 21302C901D21F2430030F119 /* tapper */;
			targetProxy = 21302CB11D21F2440030F119 /* PBXContainerItemProxy */;
		};
/* End PBXTargetDependency section */

/* Begin PBXVariantGroup section */
		21302C981D21F2440030F119 /* Main.storyboard */ = {
			isa = PBXVariantGroup;
			children = (
				21302C991D21F2440030F119 /* Base */,
			);
			name = Main.storyboard;
			sourceTree = "<group>";
		};
		21302C9D1D21F2440030F119 /* LaunchScreen.storyboard */ = {
			isa = PBXVariantGroup;
			children = (
				21302C9E1D21F2440030F119 /* Base */,
			);
			name = LaunchScreen.storyboard;
			sourceTree = "<group>";
		};
/* End PBXVariantGroup section */

/* Begin XCBuildConfiguration section */
		21302CB71D21F2440030F119 /* Debug */ = {
			isa = XCBuildConfiguration;
			buildSettings = {
				ALWAYS_SEARCH_USER_PATHS = NO;
				CLANG_ANALYZER_NONNULL = YES;
				CLANG_CXX_LANGUAGE_STANDARD = "gnu++0x";
				CLANG_CXX_LIBRARY = "libc++";
				CLANG_ENABLE_MODULES = YES;
				CLANG_ENABLE_OBJC_ARC = YES;
				CLANG_WARN_BOOL_CONVERSION = YES;
				CLANG_WARN_CONSTANT_CONVERSION = YES;
				CLANG_WARN_DIRECT_OBJC_ISA_USAGE = YES_ERROR;
				CLANG_WARN_EMPTY_BODY = YES;
				CLANG_WARN_ENUM_CONVERSION = YES;
				CLANG_WARN_INT_CONVERSION = YES;
				CLANG_WARN_OBJC_ROOT_CLASS = YES_ERROR;
				CLANG_WARN_UNREACHABLE_CODE = YES;
				CLANG_WARN__DUPLICATE_METHOD_MATCH = YES;
				"CODE_SIGN_IDENTITY[sdk=iphoneos*]" = "iPhone Developer";
				COPY_PHASE_STRIP = NO;
				DEBUG_INFORMATION_FORMAT = dwarf;
				ENABLE_STRICT_OBJC_MSGSEND = YES;
				ENABLE_TESTABILITY = YES;
				GCC_C_LANGUAGE_STANDARD = gnu99;
				GCC_DYNAMIC_NO_PIC = NO;
				GCC_NO_COMMON_BLOCKS = YES;
				GCC_OPTIMIZATION_LEVEL = 0;
				GCC_PREPROCESSOR_DEFINITIONS = (
					"DEBUG=1",
					"$(inherited)",
				);
				GCC_WARN_64_TO_32_BIT_CONVERSION = YES;
				GCC_WARN_ABOUT_RETURN_TYPE = YES_ERROR;
				GCC_WARN_UNDECLARED_SELECTOR = YES;
				GCC_WARN_UNINITIALIZED_AUTOS = YES_AGGRESSIVE;
				GCC_WARN_UNUSED_FUNCTION = YES;
				GCC_WARN_UNUSED_VARIABLE = YES;
				IPHONEOS_DEPLOYMENT_TARGET = 9.3;
				MTL_ENABLE_DEBUG_INFO = YES;
				ONLY_ACTIVE_ARCH = YES;
				SDKROOT = iphoneos;
				SWIFT_OPTIMIZATION_LEVEL = "-Onone";
			};
			name = Debug;
		};
		21302CB81D21F2440030F119 /* Release */ = {
			isa = XCBuildConfiguration;
			buildSettings = {
				ALWAYS_SEARCH_USER_PATHS = NO;
				CLANG_ANALYZER_NONNULL = YES;
				CLANG_CXX_LANGUAGE_STANDARD = "gnu++0x";
				CLANG_CXX_LIBRARY = "libc++";
				CLANG_ENABLE_MODULES = YES;
				CLANG_ENABLE_OBJC_ARC = YES;
				CLANG_WARN_BOOL_CONVERSION = YES;
				CLANG_WARN_CONSTANT_CONVERSION = YES;
				CLANG_WARN_DIRECT_OBJC_ISA_USAGE = YES_ERROR;
				CLANG_WARN_EMPTY_BODY = YES;
				CLANG_WARN_ENUM_CONVERSION = YES;
				CLANG_WARN_INT_CONVERSION = YES;
				CLANG_WARN_OBJC_ROOT_CLASS = YES_ERROR;
				CLANG_WARN_UNREACHABLE_CODE = YES;
				CLANG_WARN__DUPLICATE_METHOD_MATCH = YES;
				"CODE_SIGN_IDENTITY[sdk=iphoneos*]" = "iPhone Developer";
				COPY_PHASE_STRIP = NO;
				DEBUG_INFORMATION_FORMAT = "dwarf-with-dsym";
				ENABLE_NS_ASSERTIONS = NO;
				ENABLE_STRICT_OBJC_MSGSEND = YES;
				GCC_C_LANGUAGE_STANDARD = gnu99;
				GCC_NO_COMMON_BLOCKS = YES;
				GCC_WARN_64_TO_32_BIT_CONVERSION = YES;
				GCC_WARN_ABOUT_RETURN_TYPE = YES_ERROR;
				GCC_WARN_UNDECLARED_SELECTOR = YES;
				GCC_WARN_UNINITIALIZED_AUTOS = YES_AGGRESSIVE;
				GCC_WARN_UNUSED_FUNCTION = YES;
				GCC_WARN_UNUSED_VARIABLE = YES;
				IPHONEOS_DEPLOYMENT_TARGET = 9.3;
				MTL_ENABLE_DEBUG_INFO = NO;
				SDKROOT = iphoneos;
				VALIDATE_PRODUCT = YES;
			};
			name = Release;
		};
		21302CBA1D21F2440030F119 /* Debug */ = {
			isa = XCBuildConfiguration;
			buildSettings = {
				ASSETCATALOG_COMPILER_APPICON_NAME = AppIcon;
				INFOPLIST_FILE = tapper/Info.plist;
				LD_RUNPATH_SEARCH_PATHS = "$(inherited) @executable_path/Frameworks";
				PRODUCT_BUNDLE_IDENTIFIER = com.devslopes.tapper;
				PRODUCT_NAME = "$(TARGET_NAME)";
			};
			name = Debug;
		};
		21302CBB1D21F2440030F119 /* Release */ = {
			isa = XCBuildConfiguration;
			buildSettings = {
				ASSETCATALOG_COMPILER_APPICON_NAME = AppIcon;
				INFOPLIST_FILE = tapper/Info.plist;
				LD_RUNPATH_SEARCH_PATHS = "$(inherited) @executable_path/Frameworks";
				PRODUCT_BUNDLE_IDENTIFIER = com.devslopes.tapper;
				PRODUCT_NAME = "$(TARGET_NAME)";
			};
			name = Release;
		};
		21302CBD1D21F2440030F119 /* Debug */ = {
			isa = XCBuildConfiguration;
			buildSettings = {
				BUNDLE_LOADER = "$(TEST_HOST)";
				INFOPLIST_FILE = tapperTests/Info.plist;
				LD_RUNPATH_SEARCH_PATHS = "$(inherited) @executable_path/Frameworks @loader_path/Frameworks";
				PRODUCT_BUNDLE_IDENTIFIER = com.devslopes.tapperTests;
				PRODUCT_NAME = "$(TARGET_NAME)";
				TEST_HOST = "$(BUILT_PRODUCTS_DIR)/tapper.app/tapper";
			};
			name = Debug;
		};
		21302CBE1D21F2440030F119 /* Release */ = {
			isa = XCBuildConfiguration;
			buildSettings = {
				BUNDLE_LOADER = "$(TEST_HOST)";
				INFOPLIST_FILE = tapperTests/Info.plist;
				LD_RUNPATH_SEARCH_PATHS = "$(inherited) @executable_path/Frameworks @loader_path/Frameworks";
				PRODUCT_BUNDLE_IDENTIFIER = com.devslopes.tapperTests;
				PRODUCT_NAME = "$(TARGET_NAME)";
				TEST_HOST = "$(BUILT_PRODUCTS_DIR)/tapper.app/tapper";
			};
			name = Release;
		};
		21302CC01D21F2440030F119 /* Debug */ = {
			isa = XCBuildConfiguration;
			buildSettings = {
				INFOPLIST_FILE = tapperUITests/Info.plist;
				LD_RUNPATH_SEARCH_PATHS = "$(inherited) @executable_path/Frameworks @loader_path/Frameworks";
				PRODUCT_BUNDLE_IDENTIFIER = com.devslopes.tapperUITests;
				PRODUCT_NAME = "$(TARGET_NAME)";
				TEST_TARGET_NAME = tapper;
			};
			name = Debug;
		};
		21302CC11D21F2440030F119 /* Release */ = {
			isa = XCBuildConfiguration;
			buildSettings = {
				INFOPLIST_FILE = tapperUITests/Info.plist;
				LD_RUNPATH_SEARCH_PATHS = "$(inherited) @executable_path/Frameworks @loader_path/Frameworks";
				PRODUCT_BUNDLE_IDENTIFIER = com.devslopes.tapperUITests;
				PRODUCT_NAME = "$(TARGET_NAME)";
				TEST_TARGET_NAME = tapper;
			};
			name = Release;
		};
/* End XCBuildConfiguration section */

/* Begin XCConfigurationList section */
		21302C8C1D21F2430030F119 /* Build configuration list for PBXProject "tapper" */ = {
			isa = XCConfigurationList;
			buildConfigurations = (
				21302CB71D21F2440030F119 /* Debug */,
				21302CB81D21F2440030F119 /* Release */,
			);
			defaultConfigurationIsVisible = 0;
			defaultConfigurationName = Release;
		};
		21302CB91D21F2440030F119 /* Build configuration list for PBXNativeTarget "tapper" */ = {
			isa = XCConfigurationList;
			buildConfigurations = (
				21302CBA1D21F2440030F119 /* Debug */,
				21302CBB1D21F2440030F119 /* Release */,
			);
			defaultConfigurationIsVisible = 0;
		};
		21302CBC1D21F2440030F119 /* Build configuration list for PBXNativeTarget "tapperTests" */ = {
			isa = XCConfigurationList;
			buildConfigurations = (
				21302CBD1D21F2440030F119 /* Debug */,
				21302CBE1D21F2440030F119 /* Release */,
			);
			defaultConfigurationIsVisible = 0;
		};
		21302CBF1D21F2440030F119 /* Build configuration list for PBXNativeTarget "tapperUITests" */ = {
			isa = XCConfigurationList;
			buildConfigurations = (
				21302CC01D21F2440030F119 /* Debug */,
				21302CC11D21F2440030F119 /* Release */,
			);
			defaultConfigurationIsVisible = 0;
		};
/* End XCConfigurationList section */
	};
	rootObject = 21302C891D21F2430030F119 /* Project object */;
}
